
Microsoft Visual Studio Solution File, Format Version 12.00
# Visual Studio Version 16
VisualStudioVersion = 16.0.31624.102
MinimumVisualStudioVersion = 10.0.40219.1
Project("{9A19103F-16F7-4668-BE54-9A1E7A4F7556}") = "BusinessCardApp", "BusinessCardApp.csproj", "{6B5A349E-51EC-40FB-85BC-5E307A1379AD}"
EndProject
Project("{9A19103F-16F7-4668-BE54-9A1E7A4F7556}") = "BL", "BL\BL.csproj", "{99222671-C108-44A9-BD0C-F2BD28038D24}"
EndProject
Project("{9A19103F-16F7-4668-BE54-9A1E7A4F7556}") = "Core", "Core\Core.csproj", "{051BA9B3-4C3E-4FE2-879D-D3A040B6134D}"
EndProject
Project("{9A19103F-16F7-4668-BE54-9A1E7A4F7556}") = "DAL", "DAL\DAL.csproj", "{091D3C1F-9D94-4FAD-B27F-58C5EB21E9CA}"
EndProject
Global
	GlobalSection(SolutionConfigurationPlatforms) = preSolution
		Debug|Any CPU = Debug|Any CPU
		Release|Any CPU = Release|Any CPU
	EndGlobalSection
	GlobalSection(ProjectConfigurationPlatforms) = postSolution
		{6B5A349E-51EC-40FB-85BC-5E307A1379AD}.Debug|Any CPU.ActiveCfg = Debug|Any CPU
		{6B5A349E-51EC-40FB-85BC-5E307A1379AD}.Debug|Any CPU.Build.0 = Debug|Any CPU
		{6B5A349E-51EC-40FB-85BC-5E307A1379AD}.Release|Any CPU.ActiveCfg = Release|Any CPU
		{6B5A349E-51EC-40FB-85BC-5E307A1379AD}.Release|Any CPU.Build.0 = Release|Any CPU
		{99222671-C108-44A9-BD0C-F2BD28038D24}.Debug|Any CPU.ActiveCfg = Debug|Any CPU
		{99222671-C108-44A9-BD0C-F2BD28038D24}.Debug|Any CPU.Build.0 = Debug|Any CPU
		{99222671-C108-44A9-BD0C-F2BD28038D24}.Release|Any CPU.ActiveCfg = Release|Any CPU
		{99222671-C108-44A9-BD0C-F2BD28038D24}.Release|Any CPU.Build.0 = Release|Any CPU
		{051BA9B3-4C3E-4FE2-879D-D3A040B6134D}.Debug|Any CPU.ActiveCfg = Debug|Any CPU
		{051BA9B3-4C3E-4FE2-879D-D3A040B6134D}.Debug|Any CPU.Build.0 = Debug|Any CPU
		{051BA9B3-4C3E-4FE2-879D-D3A040B6134D}.Release|Any CPU.ActiveCfg = Release|Any CPU
		{051BA9B3-4C3E-4FE2-879D-D3A040B6134D}.Release|Any CPU.Build.0 = Release|Any CPU
		{091D3C1F-9D94-4FAD-B27F-58C5EB21E9CA}.Debug|Any CPU.ActiveCfg = Debug|Any CPU
		{091D3C1F-9D94-4FAD-B27F-58C5EB21E9CA}.Debug|Any CPU.Build.0 = Debug|Any CPU
		{091D3C1F-9D94-4FAD-B27F-58C5EB21E9CA}.Release|Any CPU.ActiveCfg = Release|Any CPU
		{091D3C1F-9D94-4FAD-B27F-58C5EB21E9CA}.Release|Any CPU.Build.0 = Release|Any CPU
	EndGlobalSection
	GlobalSection(SolutionProperties) = preSolution
		HideSolutionNode = FALSE
	EndGlobalSection
	GlobalSection(ExtensibilityGlobals) = postSolution
		SolutionGuid = {A0D426C9-C332-4C52-838C-AF15CC1EC3FC}
	EndGlobalSection
EndGlobal
